
Microsoft Visual Studio Solution File, Format Version 12.00
# Visual Studio Version 17
VisualStudioVersion = 17.11.35312.102
MinimumVisualStudioVersion = 10.0.40219.1
Project("{FAE04EC0-301F-11D3-BF4B-00C04F79EFBC}") = "IsTakipSistemiMVC", "IsTakipSistemiMVC\IsTakipSistemiMVC.csproj", "{1420CA0F-C1C3-4AC4-B4C3-E9384DC8A682}"
EndProject
Global
	GlobalSection(SolutionConfigurationPlatforms) = preSolution
		Debug|Any CPU = Debug|Any CPU
		Release|Any CPU = Release|Any CPU
	EndGlobalSection
	GlobalSection(ProjectConfigurationPlatforms) = postSolution
		{1420CA0F-C1C3-4AC4-B4C3-E9384DC8A682}.Debug|Any CPU.ActiveCfg = Debug|Any CPU
		{1420CA0F-C1C3-4AC4-B4C3-E9384DC8A682}.Debug|Any CPU.Build.0 = Debug|Any CPU
		{1420CA0F-C1C3-4AC4-B4C3-E9384DC8A682}.Release|Any CPU.ActiveCfg = Release|Any CPU
		{1420CA0F-C1C3-4AC4-B4C3-E9384DC8A682}.Release|Any CPU.Build.0 = Release|Any CPU
	EndGlobalSection
	GlobalSection(SolutionProperties) = preSolution
		HideSolutionNode = FALSE
	EndGlobalSection
	GlobalSection(ExtensibilityGlobals) = postSolution
		SolutionGuid = {D08985F8-0FD0-4130-8140-AD5E7D01B138}
	EndGlobalSection
EndGlobal
